
Microsoft Visual Studio Solution File, Format Version 12.00
# Visual Studio Version 17
VisualStudioVersion = 17.0.31903.59
MinimumVisualStudioVersion = 10.0.40219.1
Project("{FAE04EC0-301F-11D3-BF4B-00C04F79EFBC}") = "EmployeeService", "EmployeeService\EmployeeService.csproj", "{7D72C210-271D-4668-9176-475A109837CE}"
EndProject
Project("{FAE04EC0-301F-11D3-BF4B-00C04F79EFBC}") = "InsuranceService", "InsuranceService\InsuranceService.csproj", "{8CBE8DA1-FD3F-4ABD-A3C3-51722CA4DABA}"
EndProject
Project("{FAE04EC0-301F-11D3-BF4B-00C04F79EFBC}") = "Common", "Common\Common.csproj", "{BEFE1030-A4C6-431A-8CAC-54728E5548BE}"
EndProject
Project("{FAE04EC0-301F-11D3-BF4B-00C04F79EFBC}") = "Insurance.WebApp", "Insurance.WebApp\Insurance.WebApp.csproj", "{B43178F0-E54E-446B-AFCC-8034A6576388}"
EndProject
Project("{FAE04EC0-301F-11D3-BF4B-00C04F79EFBC}") = "Employee.Test.UI", "Employee.Test.UI\Employee.Test.UI.csproj", "{87DCC6CD-79C1-44E8-97E0-65866932C243}"
EndProject
Project("{FAE04EC0-301F-11D3-BF4B-00C04F79EFBC}") = "Integration.Test", "Integration.Test\Integration.Test.csproj", "{3A640C7A-9D6A-47F9-AE88-0E2E8CA9DC58}"
EndProject
Global
	GlobalSection(SolutionConfigurationPlatforms) = preSolution
		Debug|Any CPU = Debug|Any CPU
		Release|Any CPU = Release|Any CPU
	EndGlobalSection
	GlobalSection(SolutionProperties) = preSolution
		HideSolutionNode = FALSE
	EndGlobalSection
	GlobalSection(ProjectConfigurationPlatforms) = postSolution
		{7D72C210-271D-4668-9176-475A109837CE}.Debug|Any CPU.ActiveCfg = Debug|Any CPU
		{7D72C210-271D-4668-9176-475A109837CE}.Debug|Any CPU.Build.0 = Debug|Any CPU
		{7D72C210-271D-4668-9176-475A109837CE}.Release|Any CPU.ActiveCfg = Release|Any CPU
		{7D72C210-271D-4668-9176-475A109837CE}.Release|Any CPU.Build.0 = Release|Any CPU
		{8CBE8DA1-FD3F-4ABD-A3C3-51722CA4DABA}.Debug|Any CPU.ActiveCfg = Debug|Any CPU
		{8CBE8DA1-FD3F-4ABD-A3C3-51722CA4DABA}.Debug|Any CPU.Build.0 = Debug|Any CPU
		{8CBE8DA1-FD3F-4ABD-A3C3-51722CA4DABA}.Release|Any CPU.ActiveCfg = Release|Any CPU
		{8CBE8DA1-FD3F-4ABD-A3C3-51722CA4DABA}.Release|Any CPU.Build.0 = Release|Any CPU
		{BEFE1030-A4C6-431A-8CAC-54728E5548BE}.Debug|Any CPU.ActiveCfg = Debug|Any CPU
		{BEFE1030-A4C6-431A-8CAC-54728E5548BE}.Debug|Any CPU.Build.0 = Debug|Any CPU
		{BEFE1030-A4C6-431A-8CAC-54728E5548BE}.Release|Any CPU.ActiveCfg = Release|Any CPU
		{BEFE1030-A4C6-431A-8CAC-54728E5548BE}.Release|Any CPU.Build.0 = Release|Any CPU
		{B43178F0-E54E-446B-AFCC-8034A6576388}.Debug|Any CPU.ActiveCfg = Debug|Any CPU
		{B43178F0-E54E-446B-AFCC-8034A6576388}.Debug|Any CPU.Build.0 = Debug|Any CPU
		{B43178F0-E54E-446B-AFCC-8034A6576388}.Release|Any CPU.ActiveCfg = Release|Any CPU
		{B43178F0-E54E-446B-AFCC-8034A6576388}.Release|Any CPU.Build.0 = Release|Any CPU
		{87DCC6CD-79C1-44E8-97E0-65866932C243}.Debug|Any CPU.ActiveCfg = Debug|Any CPU
		{87DCC6CD-79C1-44E8-97E0-65866932C243}.Debug|Any CPU.Build.0 = Debug|Any CPU
		{87DCC6CD-79C1-44E8-97E0-65866932C243}.Release|Any CPU.ActiveCfg = Release|Any CPU
		{87DCC6CD-79C1-44E8-97E0-65866932C243}.Release|Any CPU.Build.0 = Release|Any CPU
		{3A640C7A-9D6A-47F9-AE88-0E2E8CA9DC58}.Debug|Any CPU.ActiveCfg = Debug|Any CPU
		{3A640C7A-9D6A-47F9-AE88-0E2E8CA9DC58}.Debug|Any CPU.Build.0 = Debug|Any CPU
		{3A640C7A-9D6A-47F9-AE88-0E2E8CA9DC58}.Release|Any CPU.ActiveCfg = Release|Any CPU
		{3A640C7A-9D6A-47F9-AE88-0E2E8CA9DC58}.Release|Any CPU.Build.0 = Release|Any CPU
	EndGlobalSection
EndGlobal
